PODS:
  - Alamofire (4.7.0)
  - FoldingCell (3.0.5)
  - SwiftyJSON (4.0.0)

DEPENDENCIES:
  - Alamofire (~> 4.7)
  - FoldingCell
  - SwiftyJSON

SPEC CHECKSUMS:
  Alamofire: 907e0a98eb68cdb7f9d1f541a563d6ac5dc77b25
  FoldingCell: 18daed710910823bc8457c3fba076a2408f21f0e
  SwiftyJSON: 070dabdcb1beb81b247c65ffa3a79dbbfb3b48aa

PODFILE CHECKSUM: eaa337e05753f9189907967ad7b20cb8991c36c5

COCOAPODS: 1.4.0
