// !$*UTF8*$!
{
	archiveVersion = 1;
	classes = {
	};
	objectVersion = 48;
	objects = {

/* Begin PBXBuildFile section */
		45B5AABEF39F54AF3BE2F1CC /* Pods_PracticeTests.framework in Frameworks */ = {isa = PBXBuildFile; fileRef = 34B729A055EB4ACF205C6E91 /* Pods_PracticeTests.framework */; };
		4970860A2075087100874439 /* Post.swift in Sources */ = {isa = PBXBuildFile; fileRef = 497086092075087100874439 /* Post.swift */; };
		499048E22073C2FF00855EED /* CustomizableView.swift in Sources */ = {isa = PBXBuildFile; fileRef = 499048E12073C2FF00855EED /* CustomizableView.swift */; };
		499048E42073C33C00855EED /* CustomTableViewCell.swift in Sources */ = {isa = PBXBuildFile; fileRef = 499048E32073C33C00855EED /* CustomTableViewCell.swift */; };
		499048E62073C3CD00855EED /* CellView.swift in Sources */ = {isa = PBXBuildFile; fileRef = 499048E52073C3CD00855EED /* CellView.swift */; };
		499048E82073CFDF00855EED /* BarView.swift in Sources */ = {isa = PBXBuildFile; fileRef = 499048E72073CFDF00855EED /* BarView.swift */; };
		499048EA2073D06E00855EED /* MyTableViewController.swift in Sources */ = {isa = PBXBuildFile; fileRef = 499048E92073D06E00855EED /* MyTableViewController.swift */; };
		499048EC2073D6ED00855EED /* Extensions.swift in Sources */ = {isa = PBXBuildFile; fileRef = 499048EB2073D6ED00855EED /* Extensions.swift */; };
		49A1E17D2076382600C84D28 /* Color.swift in Sources */ = {isa = PBXBuildFile; fileRef = 49A1E17C2076382500C84D28 /* Color.swift */; };
		49F40835206D959700DA88A7 /* AppDelegate.swift in Sources */ = {isa = PBXBuildFile; fileRef = 49F40834206D959700DA88A7 /* AppDelegate.swift */; };
		49F40837206D959700DA88A7 /* ViewController.swift in Sources */ = {isa = PBXBuildFile; fileRef = 49F40836206D959700DA88A7 /* ViewController.swift */; };
		49F4083A206D959700DA88A7 /* Main.storyboard in Resources */ = {isa = PBXBuildFile; fileRef = 49F40838206D959700DA88A7 /* Main.storyboard */; };
		49F4083C206D959700DA88A7 /* Assets.xcassets in Resources */ = {isa = PBXBuildFile; fileRef = 49F4083B206D959700DA88A7 /* Assets.xcassets */; };
		49F4083F206D959700DA88A7 /* LaunchScreen.storyboard in Resources */ = {isa = PBXBuildFile; fileRef = 49F4083D206D959700DA88A7 /* LaunchScreen.storyboard */; };
		49F4084A206D959800DA88A7 /* PracticeTests.swift in Sources */ = {isa = PBXBuildFile; fileRef = 49F40849206D959800DA88A7 /* PracticeTests.swift */; };
		49F40855206D959800DA88A7 /* PracticeUITests.swift in Sources */ = {isa = PBXBuildFile; fileRef = 49F40854206D959800DA88A7 /* PracticeUITests.swift */; };
		49F40869206E873300DA88A7 /* PostRequest.swift in Sources */ = {isa = PBXBuildFile; fileRef = 49F40868206E873300DA88A7 /* PostRequest.swift */; };
		A857B4B3A457B5AEF95875F4 /* Pods_PracticeUITests.framework in Frameworks */ = {isa = PBXBuildFile; fileRef = CAC709968C1A8CF42CBE0A62 /* Pods_PracticeUITests.framework */; };
		D63E10A32076406D000C202A /* PriceDetailsViewController.swift in Sources */ = {isa = PBXBuildFile; fileRef = D63E10A22076406D000C202A /* PriceDetailsViewController.swift */; };
		FD93E275BCBDA878154EC630 /* Pods_Practice.framework in Frameworks */ = {isa = PBXBuildFile; fileRef = 4BAA939AF7A8ECF134CA687E /* Pods_Practice.framework */; };
/* End PBXBuildFile section */

/* Begin PBXContainerItemProxy section */
		49F40846206D959800DA88A7 /* PBXContainerItemProxy */ = {
			isa = PBXContainerItemProxy;
			containerPortal = 49F40829206D959700DA88A7 /* Project object */;
			proxyType = 1;
			remoteGlobalIDString = 49F40830206D959700DA88A7;
			remoteInfo = Practice;
		};
		49F40851206D959800DA88A7 /* PBXContainerItemProxy */ = {
			isa = PBXContainerItemProxy;
			containerPortal = 49F40829206D959700DA88A7 /* Project object */;
			proxyType = 1;
			remoteGlobalIDString = 49F40830206D959700DA88A7;
			remoteInfo = Practice;
		};
/* End PBXContainerItemProxy section */

/* Begin PBXFileReference section */
		1B4914D1DA21C9B9F7D4B030 /* Pods-Practice.debug.xcconfig */ = {isa = PBXFileReference; includeInIndex = 1; lastKnownFileType = text.xcconfig; name = "Pods-Practice.debug.xcconfig"; path = "Pods/Target Support Files/Pods-Practice/Pods-Practice.debug.xcconfig"; sourceTree = "<group>"; };
		34B729A055EB4ACF205C6E91 /* Pods_PracticeTests.framework */ = {isa = PBXFileReference; explicitFileType = wrapper.framework; includeInIndex = 0; path = Pods_PracticeTests.framework; sourceTree = BUILT_PRODUCTS_DIR; };
		497086092075087100874439 /* Post.swift */ = {isa = PBXFileReference; lastKnownFileType = sourcecode.swift; path = Post.swift; sourceTree = "<group>"; };
		499048E12073C2FF00855EED /* CustomizableView.swift */ = {isa = PBXFileReference; lastKnownFileType = sourcecode.swift; path = CustomizableView.swift; sourceTree = "<group>"; };
		499048E32073C33C00855EED /* CustomTableViewCell.swift */ = {isa = PBXFileReference; lastKnownFileType = sourcecode.swift; path = CustomTableViewCell.swift; sourceTree = "<group>"; };
		499048E52073C3CD00855EED /* CellView.swift */ = {isa = PBXFileReference; lastKnownFileType = sourcecode.swift; path = CellView.swift; sourceTree = "<group>"; };
		499048E72073CFDF00855EED /* BarView.swift */ = {isa = PBXFileReference; lastKnownFileType = sourcecode.swift; path = BarView.swift; sourceTree = "<group>"; };
		499048E92073D06E00855EED /* MyTableViewController.swift */ = {isa = PBXFileReference; lastKnownFileType = sourcecode.swift; path = MyTableViewController.swift; sourceTree = "<group>"; };
		499048EB2073D6ED00855EED /* Extensions.swift */ = {isa = PBXFileReference; fileEncoding = 4; lastKnownFileType = sourcecode.swift; path = Extensions.swift; sourceTree = "<group>"; };
		49A1E17C2076382500C84D28 /* Color.swift */ = {isa = PBXFileReference; lastKnownFileType = sourcecode.swift; path = Color.swift; sourceTree = "<group>"; };
		49F40831206D959700DA88A7 /* Practice.app */ = {isa = PBXFileReference; explicitFileType = wrapper.application; includeInIndex = 0; path = Practice.app; sourceTree = BUILT_PRODUCTS_DIR; };
		49F40834206D959700DA88A7 /* AppDelegate.swift */ = {isa = PBXFileReference; lastKnownFileType = sourcecode.swift; path = AppDelegate.swift; sourceTree = "<group>"; };
		49F40836206D959700DA88A7 /* ViewController.swift */ = {isa = PBXFileReference; lastKnownFileType = sourcecode.swift; path = ViewController.swift; sourceTree = "<group>"; };
		49F40839206D959700DA88A7 /* Base */ = {isa = PBXFileReference; lastKnownFileType = file.storyboard; name = Base; path = Base.lproj/Main.storyboard; sourceTree = "<group>"; };
		49F4083B206D959700DA88A7 /* Assets.xcassets */ = {isa = PBXFileReference; lastKnownFileType = folder.assetcatalog; path = Assets.xcassets; sourceTree = "<group>"; };
		49F4083E206D959700DA88A7 /* Base */ = {isa = PBXFileReference; lastKnownFileType = file.storyboard; name = Base; path = Base.lproj/LaunchScreen.storyboard; sourceTree = "<group>"; };
		49F40840206D959700DA88A7 /* Info.plist */ = {isa = PBXFileReference; lastKnownFileType = text.plist.xml; path = Info.plist; sourceTree = "<group>"; };
		49F40845206D959800DA88A7 /* PracticeTests.xctest */ = {isa = PBXFileReference; explicitFileType = wrapper.cfbundle; includeInIndex = 0; path = PracticeTests.xctest; sourceTree = BUILT_PRODUCTS_DIR; };
		49F40849206D959800DA88A7 /* PracticeTests.swift */ = {isa = PBXFileReference; lastKnownFileType = sourcecode.swift; path = PracticeTests.swift; sourceTree = "<group>"; };
		49F4084B206D959800DA88A7 /* Info.plist */ = {isa = PBXFileReference; lastKnownFileType = text.plist.xml; path = Info.plist; sourceTree = "<group>"; };
		49F40850206D959800DA88A7 /* PracticeUITests.xctest */ = {isa = PBXFileReference; explicitFileType = wrapper.cfbundle; includeInIndex = 0; path = PracticeUITests.xctest; sourceTree = BUILT_PRODUCTS_DIR; };
		49F40854206D959800DA88A7 /* PracticeUITests.swift */ = {isa = PBXFileReference; lastKnownFileType = sourcecode.swift; path = PracticeUITests.swift; sourceTree = "<group>"; };
		49F40856206D959800DA88A7 /* Info.plist */ = {isa = PBXFileReference; lastKnownFileType = text.plist.xml; path = Info.plist; sourceTree = "<group>"; };
		49F40868206E873300DA88A7 /* PostRequest.swift */ = {isa = PBXFileReference; lastKnownFileType = sourcecode.swift; path = PostRequest.swift; sourceTree = "<group>"; };
		4BAA939AF7A8ECF134CA687E /* Pods_Practice.framework */ = {isa = PBXFileReference; explicitFileType = wrapper.framework; includeInIndex = 0; path = Pods_Practice.framework; sourceTree = BUILT_PRODUCTS_DIR; };
		4EE919A8975BD11632884E02 /* Pods-PracticeUITests.debug.xcconfig */ = {isa = PBXFileReference; includeInIndex = 1; lastKnownFileType = text.xcconfig; name = "Pods-PracticeUITests.debug.xcconfig"; path = "Pods/Target Support Files/Pods-PracticeUITests/Pods-PracticeUITests.debug.xcconfig"; sourceTree = "<group>"; };
		79DA6198330EFCB25A174F37 /* Pods-Practice.release.xcconfig */ = {isa = PBXFileReference; includeInIndex = 1; lastKnownFileType = text.xcconfig; name = "Pods-Practice.release.xcconfig"; path = "Pods/Target Support Files/Pods-Practice/Pods-Practice.release.xcconfig"; sourceTree = "<group>"; };
		8EC76160810C1EF48F0CD43A /* Pods-PracticeUITests.release.xcconfig */ = {isa = PBXFileReference; includeInIndex = 1; lastKnownFileType = text.xcconfig; name = "Pods-PracticeUITests.release.xcconfig"; path = "Pods/Target Support Files/Pods-PracticeUITests/Pods-PracticeUITests.release.xcconfig"; sourceTree = "<group>"; };
		B7C16490609CBCFB7B6671FA /* Pods-PracticeTests.release.xcconfig */ = {isa = PBXFileReference; includeInIndex = 1; lastKnownFileType = text.xcconfig; name = "Pods-PracticeTests.release.xcconfig"; path = "Pods/Target Support Files/Pods-PracticeTests/Pods-PracticeTests.release.xcconfig"; sourceTree = "<group>"; };
		CAC709968C1A8CF42CBE0A62 /* Pods_PracticeUITests.framework */ = {isa = PBXFileReference; explicitFileType = wrapper.framework; includeInIndex = 0; path = Pods_PracticeUITests.framework; sourceTree = BUILT_PRODUCTS_DIR; };
		D63E10A22076406D000C202A /* PriceDetailsViewController.swift */ = {isa = PBXFileReference; lastKnownFileType = sourcecode.swift; path = PriceDetailsViewController.swift; sourceTree = "<group>"; };
		EC5A091D1C05BAB7B4065169 /* Pods-PracticeTests.debug.xcconfig */ = {isa = PBXFileReference; includeInIndex = 1; lastKnownFileType = text.xcconfig; name = "Pods-PracticeTests.debug.xcconfig"; path = "Pods/Target Support Files/Pods-PracticeTests/Pods-PracticeTests.debug.xcconfig"; sourceTree = "<group>"; };
/* End PBXFileReference section */

/* Begin PBXFrameworksBuildPhase section */
		49F4082E206D959700DA88A7 /* Frameworks */ = {
			isa = PBXFrameworksBuildPhase;
			buildActionMask = 2147483647;
			files = (
				FD93E275BCBDA878154EC630 /* Pods_Practice.framework in Frameworks */,
			);
			runOnlyForDeploymentPostprocessing = 0;
		};
		49F40842206D959800DA88A7 /* Frameworks */ = {
			isa = PBXFrameworksBuildPhase;
			buildActionMask = 2147483647;
			files = (
				45B5AABEF39F54AF3BE2F1CC /* Pods_PracticeTests.framework in Frameworks */,
			);
			runOnlyForDeploymentPostprocessing = 0;
		};
		49F4084D206D959800DA88A7 /* Frameworks */ = {
			isa = PBXFrameworksBuildPhase;
			buildActionMask = 2147483647;
			files = (
				A857B4B3A457B5AEF95875F4 /* Pods_PracticeUITests.framework in Frameworks */,
			);
			runOnlyForDeploymentPostprocessing = 0;
		};
/* End PBXFrameworksBuildPhase section */

/* Begin PBXGroup section */
		1BEC613CD9A16874895EBF6A /* Frameworks */ = {
			isa = PBXGroup;
			children = (
				4BAA939AF7A8ECF134CA687E /* Pods_Practice.framework */,
				34B729A055EB4ACF205C6E91 /* Pods_PracticeTests.framework */,
				CAC709968C1A8CF42CBE0A62 /* Pods_PracticeUITests.framework */,
			);
			name = Frameworks;
			sourceTree = "<group>";
		};
		1C8F4C77D130A2E81F4CC5D4 /* Pods */ = {
			isa = PBXGroup;
			children = (
				1B4914D1DA21C9B9F7D4B030 /* Pods-Practice.debug.xcconfig */,
				79DA6198330EFCB25A174F37 /* Pods-Practice.release.xcconfig */,
				EC5A091D1C05BAB7B4065169 /* Pods-PracticeTests.debug.xcconfig */,
				B7C16490609CBCFB7B6671FA /* Pods-PracticeTests.release.xcconfig */,
				4EE919A8975BD11632884E02 /* Pods-PracticeUITests.debug.xcconfig */,
				8EC76160810C1EF48F0CD43A /* Pods-PracticeUITests.release.xcconfig */,
			);
			name = Pods;
			sourceTree = "<group>";
		};
		497086052075063A00874439 /* Model */ = {
			isa = PBXGroup;
			children = (
				497086092075087100874439 /* Post.swift */,
			);
			path = Model;
			sourceTree = "<group>";
		};
		497086062075064400874439 /* View */ = {
			isa = PBXGroup;
			children = (
				499048E12073C2FF00855EED /* CustomizableView.swift */,
				499048E52073C3CD00855EED /* CellView.swift */,
				499048E72073CFDF00855EED /* BarView.swift */,
				499048E32073C33C00855EED /* CustomTableViewCell.swift */,
			);
			path = View;
			sourceTree = "<group>";
		};
		497086072075064B00874439 /* Controller */ = {
			isa = PBXGroup;
			children = (
				499048E92073D06E00855EED /* MyTableViewController.swift */,
				D63E10A22076406D000C202A /* PriceDetailsViewController.swift */,
				49F40836206D959700DA88A7 /* ViewController.swift */,
			);
			path = Controller;
			sourceTree = "<group>";
		};
		497086082075065A00874439 /* Extra */ = {
			isa = PBXGroup;
			children = (
				499048EB2073D6ED00855EED /* Extensions.swift */,
				49A1E17C2076382500C84D28 /* Color.swift */,
				49F40834206D959700DA88A7 /* AppDelegate.swift */,
			);
			path = Extra;
			sourceTree = "<group>";
		};
		49F40828206D959700DA88A7 = {
			isa = PBXGroup;
			children = (
				49F40833206D959700DA88A7 /* Practice */,
				49F40848206D959800DA88A7 /* PracticeTests */,
				49F40853206D959800DA88A7 /* PracticeUITests */,
				49F40832206D959700DA88A7 /* Products */,
				1C8F4C77D130A2E81F4CC5D4 /* Pods */,
				1BEC613CD9A16874895EBF6A /* Frameworks */,
			);
			sourceTree = "<group>";
		};
		49F40832206D959700DA88A7 /* Products */ = {
			isa = PBXGroup;
			children = (
				49F40831206D959700DA88A7 /* Practice.app */,
				49F40845206D959800DA88A7 /* PracticeTests.xctest */,
				49F40850206D959800DA88A7 /* PracticeUITests.xctest */,
			);
			name = Products;
			sourceTree = "<group>";
		};
		49F40833206D959700DA88A7 /* Practice */ = {
			isa = PBXGroup;
			children = (
				49F40838206D959700DA88A7 /* Main.storyboard */,
				49F4086A206E87BC00DA88A7 /* Services */,
				497086082075065A00874439 /* Extra */,
				497086072075064B00874439 /* Controller */,
				497086062075064400874439 /* View */,
				497086052075063A00874439 /* Model */,
				49F4083B206D959700DA88A7 /* Assets.xcassets */,
				49F4083D206D959700DA88A7 /* LaunchScreen.storyboard */,
				49F40840206D959700DA88A7 /* Info.plist */,
			);
			path = Practice;
			sourceTree = "<group>";
		};
		49F40848206D959800DA88A7 /* PracticeTests */ = {
			isa = PBXGroup;
			children = (
				49F40849206D959800DA88A7 /* PracticeTests.swift */,
				49F4084B206D959800DA88A7 /* Info.plist */,
			);
			path = PracticeTests;
			sourceTree = "<group>";
		};
		49F40853206D959800DA88A7 /* PracticeUITests */ = {
			isa = PBXGroup;
			children = (
				49F40854206D959800DA88A7 /* PracticeUITests.swift */,
				49F40856206D959800DA88A7 /* Info.plist */,
			);
			path = PracticeUITests;
			sourceTree = "<group>";
		};
		49F4086A206E87BC00DA88A7 /* Services */ = {
			isa = PBXGroup;
			children = (
				49F40868206E873300DA88A7 /* PostRequest.swift */,
			);
			path = Services;
			sourceTree = "<group>";
		};
/* End PBXGroup section */

/* Begin PBXNativeTarget section */
		49F40830206D959700DA88A7 /* Practice */ = {
			isa = PBXNativeTarget;
			buildConfigurationList = 49F40859206D959800DA88A7 /* Build configuration list for PBXNativeTarget "Practice" */;
			buildPhases = (
				67C9E34AF7A179844DB6B0BD /* [CP] Check Pods Manifest.lock */,
				49F4082D206D959700DA88A7 /* Sources */,
				49F4082E206D959700DA88A7 /* Frameworks */,
				49F4082F206D959700DA88A7 /* Resources */,
				5C02CB283E21F425DF1A8FE6 /* [CP] Embed Pods Frameworks */,
				705D9959FF7605EDDB732A1C /* [CP] Copy Pods Resources */,
			);
			buildRules = (
			);
			dependencies = (
			);
			name = Practice;
			productName = Practice;
			productReference = 49F40831206D959700DA88A7 /* Practice.app */;
			productType = "com.apple.product-type.application";
		};
		49F40844206D959800DA88A7 /* PracticeTests */ = {
			isa = PBXNativeTarget;
			buildConfigurationList = 49F4085C206D959800DA88A7 /* Build configuration list for PBXNativeTarget "PracticeTests" */;
			buildPhases = (
				14F0F8A1B83BA374460A8DCD /* [CP] Check Pods Manifest.lock */,
				49F40841206D959800DA88A7 /* Sources */,
				49F40842206D959800DA88A7 /* Frameworks */,
				49F40843206D959800DA88A7 /* Resources */,
				AA448092C71EB722BDE7F5FC /* [CP] Embed Pods Frameworks */,
				CEF87160283EC71E94C66AA9 /* [CP] Copy Pods Resources */,
			);
			buildRules = (
			);
			dependencies = (
				49F40847206D959800DA88A7 /* PBXTargetDependency */,
			);
			name = PracticeTests;
			productName = PracticeTests;
			productReference = 49F40845206D959800DA88A7 /* PracticeTests.xctest */;
			productType = "com.apple.product-type.bundle.unit-test";
		};
		49F4084F206D959800DA88A7 /* PracticeUITests */ = {
			isa = PBXNativeTarget;
			buildConfigurationList = 49F4085F206D959800DA88A7 /* Build configuration list for PBXNativeTarget "PracticeUITests" */;
			buildPhases = (
				BCDFAF4A1767B7729F462DB6 /* [CP] Check Pods Manifest.lock */,
				49F4084C206D959800DA88A7 /* Sources */,
				49F4084D206D959800DA88A7 /* Frameworks */,
				49F4084E206D959800DA88A7 /* Resources */,
				ECCE3FF22568D96FD9B30FDC /* [CP] Embed Pods Frameworks */,
				B8950165910E46F7A3F1ACA8 /* [CP] Copy Pods Resources */,
			);
			buildRules = (
			);
			dependencies = (
				49F40852206D959800DA88A7 /* PBXTargetDependency */,
			);
			name = PracticeUITests;
			productName = PracticeUITests;
			productReference = 49F40850206D959800DA88A7 /* PracticeUITests.xctest */;
			productType = "com.apple.product-type.bundle.ui-testing";
		};
/* End PBXNativeTarget section */

/* Begin PBXProject section */
		49F40829206D959700DA88A7 /* Project object */ = {
			isa = PBXProject;
			attributes = {
				LastSwiftUpdateCheck = 0900;
				LastUpgradeCheck = 0900;
				ORGANIZATIONNAME = yarob;
				TargetAttributes = {
					49F40830206D959700DA88A7 = {
						CreatedOnToolsVersion = 9.0;
						ProvisioningStyle = Automatic;
					};
					49F40844206D959800DA88A7 = {
						CreatedOnToolsVersion = 9.0;
						ProvisioningStyle = Automatic;
						TestTargetID = 49F40830206D959700DA88A7;
					};
					49F4084F206D959800DA88A7 = {
						CreatedOnToolsVersion = 9.0;
						ProvisioningStyle = Automatic;
						TestTargetID = 49F40830206D959700DA88A7;
					};
				};
			};
			buildConfigurationList = 49F4082C206D959700DA88A7 /* Build configuration list for PBXProject "Practice" */;
			compatibilityVersion = "Xcode 8.0";
			developmentRegion = en;
			hasScannedForEncodings = 0;
			knownRegions = (
				en,
				Base,
			);
			mainGroup = 49F40828206D959700DA88A7;
			productRefGroup = 49F40832206D959700DA88A7 /* Products */;
			projectDirPath = "";
			projectRoot = "";
			targets = (
				49F40830206D959700DA88A7 /* Practice */,
				49F40844206D959800DA88A7 /* PracticeTests */,
				49F4084F206D959800DA88A7 /* PracticeUITests */,
			);
		};
/* End PBXProject section */

/* Begin PBXResourcesBuildPhase section */
		49F4082F206D959700DA88A7 /* Resources */ = {
			isa = PBXResourcesBuildPhase;
			buildActionMask = 2147483647;
			files = (
				49F4083F206D959700DA88A7 /* LaunchScreen.storyboard in Resources */,
				49F4083C206D959700DA88A7 /* Assets.xcassets in Resources */,
				49F4083A206D959700DA88A7 /* Main.storyboard in Resources */,
			);
			runOnlyForDeploymentPostprocessing = 0;
		};
		49F40843206D959800DA88A7 /* Resources */ = {
			isa = PBXResourcesBuildPhase;
			buildActionMask = 2147483647;
			files = (
			);
			runOnlyForDeploymentPostprocessing = 0;
		};
		49F4084E206D959800DA88A7 /* Resources */ = {
			isa = PBXResourcesBuildPhase;
			buildActionMask = 2147483647;
			files = (
			);
			runOnlyForDeploymentPostprocessing = 0;
		};
/* End PBXResourcesBuildPhase section */

/* Begin PBXShellScriptBuildPhase section */
		14F0F8A1B83BA374460A8DCD /* [CP] Check Pods Manifest.lock */ = {
			isa = PBXShellScriptBuildPhase;
			buildActionMask = 2147483647;
			files = (
			);
			inputPaths = (
				"${PODS_PODFILE_DIR_PATH}/Podfile.lock",
				"${PODS_ROOT}/Manifest.lock",
			);
			name = "[CP] Check Pods Manifest.lock";
			outputPaths = (
				"$(DERIVED_FILE_DIR)/Pods-PracticeTests-checkManifestLockResult.txt",
			);
			runOnlyForDeploymentPostprocessing = 0;
			shellPath = /bin/sh;
			shellScript = "diff \"${PODS_PODFILE_DIR_PATH}/Podfile.lock\" \"${PODS_ROOT}/Manifest.lock\" > /dev/null\nif [ $? != 0 ] ; then\n    # print error to STDERR\n    echo \"error: The sandbox is not in sync with the Podfile.lock. Run 'pod install' or update your CocoaPods installation.\" >&2\n    exit 1\nfi\n# This output is used by Xcode 'outputs' to avoid re-running this script phase.\necho \"SUCCESS\" > \"${SCRIPT_OUTPUT_FILE_0}\"\n";
			showEnvVarsInLog = 0;
		};
		5C02CB283E21F425DF1A8FE6 /* [CP] Embed Pods Frameworks */ = {
			isa = PBXShellScriptBuildPhase;
			buildActionMask = 2147483647;
			files = (
			);
			inputPaths = (
				"${SRCROOT}/Pods/Target Support Files/Pods-Practice/Pods-Practice-frameworks.sh",
				"${BUILT_PRODUCTS_DIR}/Alamofire/Alamofire.framework",
				"${BUILT_PRODUCTS_DIR}/FoldingCell/FoldingCell.framework",
				"${BUILT_PRODUCTS_DIR}/SwiftyJSON/SwiftyJSON.framework",
			);
			name = "[CP] Embed Pods Frameworks";
			outputPaths = (
				"${TARGET_BUILD_DIR}/${FRAMEWORKS_FOLDER_PATH}/Alamofire.framework",
				"${TARGET_BUILD_DIR}/${FRAMEWORKS_FOLDER_PATH}/FoldingCell.framework",
				"${TARGET_BUILD_DIR}/${FRAMEWORKS_FOLDER_PATH}/SwiftyJSON.framework",
			);
			runOnlyForDeploymentPostprocessing = 0;
			shellPath = /bin/sh;
			shellScript = "\"${SRCROOT}/Pods/Target Support Files/Pods-Practice/Pods-Practice-frameworks.sh\"\n";
			showEnvVarsInLog = 0;
		};
		67C9E34AF7A179844DB6B0BD /* [CP] Check Pods Manifest.lock */ = {
			isa = PBXShellScriptBuildPhase;
			buildActionMask = 2147483647;
			files = (
			);
			inputPaths = (
				"${PODS_PODFILE_DIR_PATH}/Podfile.lock",
				"${PODS_ROOT}/Manifest.lock",
			);
			name = "[CP] Check Pods Manifest.lock";
			outputPaths = (
				"$(DERIVED_FILE_DIR)/Pods-Practice-checkManifestLockResult.txt",
			);
			runOnlyForDeploymentPostprocessing = 0;
			shellPath = /bin/sh;
			shellScript = "diff \"${PODS_PODFILE_DIR_PATH}/Podfile.lock\" \"${PODS_ROOT}/Manifest.lock\" > /dev/null\nif [ $? != 0 ] ; then\n    # print error to STDERR\n    echo \"error: The sandbox is not in sync with the Podfile.lock. Run 'pod install' or update your CocoaPods installation.\" >&2\n    exit 1\nfi\n# This output is used by Xcode 'outputs' to avoid re-running this script phase.\necho \"SUCCESS\" > \"${SCRIPT_OUTPUT_FILE_0}\"\n";
			showEnvVarsInLog = 0;
		};
		705D9959FF7605EDDB732A1C /* [CP] Copy Pods Resources */ = {
			isa = PBXShellScriptBuildPhase;
			buildActionMask = 2147483647;
			files = (
			);
			inputPaths = (
			);
			name = "[CP] Copy Pods Resources";
			outputPaths = (
			);
			runOnlyForDeploymentPostprocessing = 0;
			shellPath = /bin/sh;
			shellScript = "\"${SRCROOT}/Pods/Target Support Files/Pods-Practice/Pods-Practice-resources.sh\"\n";
			showEnvVarsInLog = 0;
		};
		AA448092C71EB722BDE7F5FC /* [CP] Embed Pods Frameworks */ = {
			isa = PBXShellScriptBuildPhase;
			buildActionMask = 2147483647;
			files = (
			);
			inputPaths = (
			);
			name = "[CP] Embed Pods Frameworks";
			outputPaths = (
			);
			runOnlyForDeploymentPostprocessing = 0;
			shellPath = /bin/sh;
			shellScript = "\"${SRCROOT}/Pods/Target Support Files/Pods-PracticeTests/Pods-PracticeTests-frameworks.sh\"\n";
			showEnvVarsInLog = 0;
		};
		B8950165910E46F7A3F1ACA8 /* [CP] Copy Pods Resources */ = {
			isa = PBXShellScriptBuildPhase;
			buildActionMask = 2147483647;
			files = (
			);
			inputPaths = (
			);
			name = "[CP] Copy Pods Resources";
			outputPaths = (
			);
			runOnlyForDeploymentPostprocessing = 0;
			shellPath = /bin/sh;
			shellScript = "\"${SRCROOT}/Pods/Target Support Files/Pods-PracticeUITests/Pods-PracticeUITests-resources.sh\"\n";
			showEnvVarsInLog = 0;
		};
		BCDFAF4A1767B7729F462DB6 /* [CP] Check Pods Manifest.lock */ = {
			isa = PBXShellScriptBuildPhase;
			buildActionMask = 2147483647;
			files = (
			);
			inputPaths = (
				"${PODS_PODFILE_DIR_PATH}/Podfile.lock",
				"${PODS_ROOT}/Manifest.lock",
			);
			name = "[CP] Check Pods Manifest.lock";
			outputPaths = (
				"$(DERIVED_FILE_DIR)/Pods-PracticeUITests-checkManifestLockResult.txt",
			);
			runOnlyForDeploymentPostprocessing = 0;
			shellPath = /bin/sh;
			shellScript = "diff \"${PODS_PODFILE_DIR_PATH}/Podfile.lock\" \"${PODS_ROOT}/Manifest.lock\" > /dev/null\nif [ $? != 0 ] ; then\n    # print error to STDERR\n    echo \"error: The sandbox is not in sync with the Podfile.lock. Run 'pod install' or update your CocoaPods installation.\" >&2\n    exit 1\nfi\n# This output is used by Xcode 'outputs' to avoid re-running this script phase.\necho \"SUCCESS\" > \"${SCRIPT_OUTPUT_FILE_0}\"\n";
			showEnvVarsInLog = 0;
		};
		CEF87160283EC71E94C66AA9 /* [CP] Copy Pods Resources */ = {
			isa = PBXShellScriptBuildPhase;
			buildActionMask = 2147483647;
			files = (
			);
			inputPaths = (
			);
			name = "[CP] Copy Pods Resources";
			outputPaths = (
			);
			runOnlyForDeploymentPostprocessing = 0;
			shellPath = /bin/sh;
			shellScript = "\"${SRCROOT}/Pods/Target Support Files/Pods-PracticeTests/Pods-PracticeTests-resources.sh\"\n";
			showEnvVarsInLog = 0;
		};
		ECCE3FF22568D96FD9B30FDC /* [CP] Embed Pods Frameworks */ = {
			isa = PBXShellScriptBuildPhase;
			buildActionMask = 2147483647;
			files = (
			);
			inputPaths = (
			);
			name = "[CP] Embed Pods Frameworks";
			outputPaths = (
			);
			runOnlyForDeploymentPostprocessing = 0;
			shellPath = /bin/sh;
			shellScript = "\"${SRCROOT}/Pods/Target Support Files/Pods-PracticeUITests/Pods-PracticeUITests-frameworks.sh\"\n";
			showEnvVarsInLog = 0;
		};
/* End PBXShellScriptBuildPhase section */

/* Begin PBXSourcesBuildPhase section */
		49F4082D206D959700DA88A7 /* Sources */ = {
			isa = PBXSourcesBuildPhase;
			buildActionMask = 2147483647;
			files = (
				499048E82073CFDF00855EED /* BarView.swift in Sources */,
				49A1E17D2076382600C84D28 /* Color.swift in Sources */,
				D63E10A32076406D000C202A /* PriceDetailsViewController.swift in Sources */,
				49F40837206D959700DA88A7 /* ViewController.swift in Sources */,
				499048EA2073D06E00855EED /* MyTableViewController.swift in Sources */,
				499048E22073C2FF00855EED /* CustomizableView.swift in Sources */,
				499048E42073C33C00855EED /* CustomTableViewCell.swift in Sources */,
				499048E62073C3CD00855EED /* CellView.swift in Sources */,
				49F40869206E873300DA88A7 /* PostRequest.swift in Sources */,
				499048EC2073D6ED00855EED /* Extensions.swift in Sources */,
				49F40835206D959700DA88A7 /* AppDelegate.swift in Sources */,
				4970860A2075087100874439 /* Post.swift in Sources */,
			);
			runOnlyForDeploymentPostprocessing = 0;
		};
		49F40841206D959800DA88A7 /* Sources */ = {
			isa = PBXSourcesBuildPhase;
			buildActionMask = 2147483647;
			files = (
				49F4084A206D959800DA88A7 /* PracticeTests.swift in Sources */,
			);
			runOnlyForDeploymentPostprocessing = 0;
		};
		49F4084C206D959800DA88A7 /* Sources */ = {
			isa = PBXSourcesBuildPhase;
			buildActionMask = 2147483647;
			files = (
				49F40855206D959800DA88A7 /* PracticeUITests.swift in Sources */,
			);
			runOnlyForDeploymentPostprocessing = 0;
		};
/* End PBXSourcesBuildPhase section */

/* Begin PBXTargetDependency section */
		49F40847206D959800DA88A7 /* PBXTargetDependency */ = {
			isa = PBXTargetDependency;
			target = 49F40830206D959700DA88A7 /* Practice */;
			targetProxy = 49F40846206D959800DA88A7 /* PBXContainerItemProxy */;
		};
		49F40852206D959800DA88A7 /* PBXTargetDependency */ = {
			isa = PBXTargetDependency;
			target = 49F40830206D959700DA88A7 /* Practice */;
			targetProxy = 49F40851206D959800DA88A7 /* PBXContainerItemProxy */;
		};
/* End PBXTargetDependency section */

/* Begin PBXVariantGroup section */
		49F40838206D959700DA88A7 /* Main.storyboard */ = {
			isa = PBXVariantGroup;
			children = (
				49F40839206D959700DA88A7 /* Base */,
			);
			name = Main.storyboard;
			sourceTree = "<group>";
		};
		49F4083D206D959700DA88A7 /* LaunchScreen.storyboard */ = {
			isa = PBXVariantGroup;
			children = (
				49F4083E206D959700DA88A7 /* Base */,
			);
			name = LaunchScreen.storyboard;
			sourceTree = "<group>";
		};
/* End PBXVariantGroup section */

/* Begin XCBuildConfiguration section */
		49F40857206D959800DA88A7 /* Debug */ = {
			isa = XCBuildConfiguration;
			buildSettings = {
				ALWAYS_SEARCH_USER_PATHS = NO;
				CLANG_ANALYZER_NONNULL = YES;
				CLANG_ANALYZER_NUMBER_OBJECT_CONVERSION = YES_AGGRESSIVE;
				CLANG_CXX_LANGUAGE_STANDARD = "gnu++14";
				CLANG_CXX_LIBRARY = "libc++";
				CLANG_ENABLE_MODULES = YES;
				CLANG_ENABLE_OBJC_ARC = YES;
				CLANG_WARN_BLOCK_CAPTURE_AUTORELEASING = YES;
				CLANG_WARN_BOOL_CONVERSION = YES;
				CLANG_WARN_COMMA = YES;
				CLANG_WARN_CONSTANT_CONVERSION = YES;
				CLANG_WARN_DIRECT_OBJC_ISA_USAGE = YES_ERROR;
				CLANG_WARN_DOCUMENTATION_COMMENTS = YES;
				CLANG_WARN_EMPTY_BODY = YES;
				CLANG_WARN_ENUM_CONVERSION = YES;
				CLANG_WARN_INFINITE_RECURSION = YES;
				CLANG_WARN_INT_CONVERSION = YES;
				CLANG_WARN_NON_LITERAL_NULL_CONVERSION = YES;
				CLANG_WARN_OBJC_LITERAL_CONVERSION = YES;
				CLANG_WARN_OBJC_ROOT_CLASS = YES_ERROR;
				CLANG_WARN_RANGE_LOOP_ANALYSIS = YES;
				CLANG_WARN_STRICT_PROTOTYPES = YES;
				CLANG_WARN_SUSPICIOUS_MOVE = YES;
				CLANG_WARN_UNGUARDED_AVAILABILITY = YES_AGGRESSIVE;
				CLANG_WARN_UNREACHABLE_CODE = YES;
				CLANG_WARN__DUPLICATE_METHOD_MATCH = YES;
				CODE_SIGN_IDENTITY = "iPhone Developer";
				COPY_PHASE_STRIP = NO;
				DEBUG_INFORMATION_FORMAT = dwarf;
				ENABLE_STRICT_OBJC_MSGSEND = YES;
				ENABLE_TESTABILITY = YES;
				GCC_C_LANGUAGE_STANDARD = gnu11;
				GCC_DYNAMIC_NO_PIC = NO;
				GCC_NO_COMMON_BLOCKS = YES;
				GCC_OPTIMIZATION_LEVEL = 0;
				GCC_PREPROCESSOR_DEFINITIONS = (
					"DEBUG=1",
					"$(inherited)",
				);
				GCC_WARN_64_TO_32_BIT_CONVERSION = YES;
				GCC_WARN_ABOUT_RETURN_TYPE = YES_ERROR;
				GCC_WARN_UNDECLARED_SELECTOR = YES;
				GCC_WARN_UNINITIALIZED_AUTOS = YES_AGGRESSIVE;
				GCC_WARN_UNUSED_FUNCTION = YES;
				GCC_WARN_UNUSED_VARIABLE = YES;
				IPHONEOS_DEPLOYMENT_TARGET = 11.0;
				MTL_ENABLE_DEBUG_INFO = YES;
				ONLY_ACTIVE_ARCH = YES;
				SDKROOT = iphoneos;
				SWIFT_ACTIVE_COMPILATION_CONDITIONS = DEBUG;
				SWIFT_OPTIMIZATION_LEVEL = "-Onone";
			};
			name = Debug;
		};
		49F40858206D959800DA88A7 /* Release */ = {
			isa = XCBuildConfiguration;
			buildSettings = {
				ALWAYS_SEARCH_USER_PATHS = NO;
				CLANG_ANALYZER_NONNULL = YES;
				CLANG_ANALYZER_NUMBER_OBJECT_CONVERSION = YES_AGGRESSIVE;
				CLANG_CXX_LANGUAGE_STANDARD = "gnu++14";
				CLANG_CXX_LIBRARY = "libc++";
				CLANG_ENABLE_MODULES = YES;
				CLANG_ENABLE_OBJC_ARC = YES;
				CLANG_WARN_BLOCK_CAPTURE_AUTORELEASING = YES;
				CLANG_WARN_BOOL_CONVERSION = YES;
				CLANG_WARN_COMMA = YES;
				CLANG_WARN_CONSTANT_CONVERSION = YES;
				CLANG_WARN_DIRECT_OBJC_ISA_USAGE = YES_ERROR;
				CLANG_WARN_DOCUMENTATION_COMMENTS = YES;
				CLANG_WARN_EMPTY_BODY = YES;
				CLANG_WARN_ENUM_CONVERSION = YES;
				CLANG_WARN_INFINITE_RECURSION = YES;
				CLANG_WARN_INT_CONVERSION = YES;
				CLANG_WARN_NON_LITERAL_NULL_CONVERSION = YES;
				CLANG_WARN_OBJC_LITERAL_CONVERSION = YES;
				CLANG_WARN_OBJC_ROOT_CLASS = YES_ERROR;
				CLANG_WARN_RANGE_LOOP_ANALYSIS = YES;
				CLANG_WARN_STRICT_PROTOTYPES = YES;
				CLANG_WARN_SUSPICIOUS_MOVE = YES;
				CLANG_WARN_UNGUARDED_AVAILABILITY = YES_AGGRESSIVE;
				CLANG_WARN_UNREACHABLE_CODE = YES;
				CLANG_WARN__DUPLICATE_METHOD_MATCH = YES;
				CODE_SIGN_IDENTITY = "iPhone Developer";
				COPY_PHASE_STRIP = NO;
				DEBUG_INFORMATION_FORMAT = "dwarf-with-dsym";
				ENABLE_NS_ASSERTIONS = NO;
				ENABLE_STRICT_OBJC_MSGSEND = YES;
				GCC_C_LANGUAGE_STANDARD = gnu11;
				GCC_NO_COMMON_BLOCKS = YES;
				GCC_WARN_64_TO_32_BIT_CONVERSION = YES;
				GCC_WARN_ABOUT_RETURN_TYPE = YES_ERROR;
				GCC_WARN_UNDECLARED_SELECTOR = YES;
				GCC_WARN_UNINITIALIZED_AUTOS = YES_AGGRESSIVE;
				GCC_WARN_UNUSED_FUNCTION = YES;
				GCC_WARN_UNUSED_VARIABLE = YES;
				IPHONEOS_DEPLOYMENT_TARGET = 11.0;
				MTL_ENABLE_DEBUG_INFO = NO;
				SDKROOT = iphoneos;
				SWIFT_OPTIMIZATION_LEVEL = "-Owholemodule";
				VALIDATE_PRODUCT = YES;
			};
			name = Release;
		};
		49F4085A206D959800DA88A7 /* Debug */ = {
			isa = XCBuildConfiguration;
			baseConfigurationReference = 1B4914D1DA21C9B9F7D4B030 /* Pods-Practice.debug.xcconfig */;
			buildSettings = {
				ASSETCATALOG_COMPILER_APPICON_NAME = AppIcon;
				CODE_SIGN_STYLE = Automatic;
				INFOPLIST_FILE = Practice/Info.plist;
				LD_RUNPATH_SEARCH_PATHS = "$(inherited) @executable_path/Frameworks";
				PRODUCT_BUNDLE_IDENTIFIER = Yarob.Practice;
				PRODUCT_NAME = "$(TARGET_NAME)";
				SWIFT_VERSION = 4.0;
				TARGETED_DEVICE_FAMILY = "1,2";
			};
			name = Debug;
		};
		49F4085B206D959800DA88A7 /* Release */ = {
			isa = XCBuildConfiguration;
			baseConfigurationReference = 79DA6198330EFCB25A174F37 /* Pods-Practice.release.xcconfig */;
			buildSettings = {
				ASSETCATALOG_COMPILER_APPICON_NAME = AppIcon;
				CODE_SIGN_STYLE = Automatic;
				INFOPLIST_FILE = Practice/Info.plist;
				LD_RUNPATH_SEARCH_PATHS = "$(inherited) @executable_path/Frameworks";
				PRODUCT_BUNDLE_IDENTIFIER = Yarob.Practice;
				PRODUCT_NAME = "$(TARGET_NAME)";
				SWIFT_VERSION = 4.0;
				TARGETED_DEVICE_FAMILY = "1,2";
			};
			name = Release;
		};
		49F4085D206D959800DA88A7 /* Debug */ = {
			isa = XCBuildConfiguration;
			baseConfigurationReference = EC5A091D1C05BAB7B4065169 /* Pods-PracticeTests.debug.xcconfig */;
			buildSettings = {
				ALWAYS_EMBED_SWIFT_STANDARD_LIBRARIES = YES;
				BUNDLE_LOADER = "$(TEST_HOST)";
				CODE_SIGN_STYLE = Automatic;
				INFOPLIST_FILE = PracticeTests/Info.plist;
				LD_RUNPATH_SEARCH_PATHS = "$(inherited) @executable_path/Frameworks @loader_path/Frameworks";
				PRODUCT_BUNDLE_IDENTIFIER = Yarob.PracticeTests;
				PRODUCT_NAME = "$(TARGET_NAME)";
				SWIFT_VERSION = 4.0;
				TARGETED_DEVICE_FAMILY = "1,2";
				TEST_HOST = "$(BUILT_PRODUCTS_DIR)/Practice.app/Practice";
			};
			name = Debug;
		};
		49F4085E206D959800DA88A7 /* Release */ = {
			isa = XCBuildConfiguration;
			baseConfigurationReference = B7C16490609CBCFB7B6671FA /* Pods-PracticeTests.release.xcconfig */;
			buildSettings = {
				ALWAYS_EMBED_SWIFT_STANDARD_LIBRARIES = YES;
				BUNDLE_LOADER = "$(TEST_HOST)";
				CODE_SIGN_STYLE = Automatic;
				INFOPLIST_FILE = PracticeTests/Info.plist;
				LD_RUNPATH_SEARCH_PATHS = "$(inherited) @executable_path/Frameworks @loader_path/Frameworks";
				PRODUCT_BUNDLE_IDENTIFIER = Yarob.PracticeTests;
				PRODUCT_NAME = "$(TARGET_NAME)";
				SWIFT_VERSION = 4.0;
				TARGETED_DEVICE_FAMILY = "1,2";
				TEST_HOST = "$(BUILT_PRODUCTS_DIR)/Practice.app/Practice";
			};
			name = Release;
		};
		49F40860206D959800DA88A7 /* Debug */ = {
			isa = XCBuildConfiguration;
			baseConfigurationReference = 4EE919A8975BD11632884E02 /* Pods-PracticeUITests.debug.xcconfig */;
			buildSettings = {
				ALWAYS_EMBED_SWIFT_STANDARD_LIBRARIES = YES;
				CODE_SIGN_STYLE = Automatic;
				INFOPLIST_FILE = PracticeUITests/Info.plist;
				LD_RUNPATH_SEARCH_PATHS = "$(inherited) @executable_path/Frameworks @loader_path/Frameworks";
				PRODUCT_BUNDLE_IDENTIFIER = Yarob.PracticeUITests;
				PRODUCT_NAME = "$(TARGET_NAME)";
				SWIFT_VERSION = 4.0;
				TARGETED_DEVICE_FAMILY = "1,2";
				TEST_TARGET_NAME = Practice;
			};
			name = Debug;
		};
		49F40861206D959800DA88A7 /* Release */ = {
			isa = XCBuildConfiguration;
			baseConfigurationReference = 8EC76160810C1EF48F0CD43A /* Pods-PracticeUITests.release.xcconfig */;
			buildSettings = {
				ALWAYS_EMBED_SWIFT_STANDARD_LIBRARIES = YES;
				CODE_SIGN_STYLE = Automatic;
				INFOPLIST_FILE = PracticeUITests/Info.plist;
				LD_RUNPATH_SEARCH_PATHS = "$(inherited) @executable_path/Frameworks @loader_path/Frameworks";
				PRODUCT_BUNDLE_IDENTIFIER = Yarob.PracticeUITests;
				PRODUCT_NAME = "$(TARGET_NAME)";
				SWIFT_VERSION = 4.0;
				TARGETED_DEVICE_FAMILY = "1,2";
				TEST_TARGET_NAME = Practice;
			};
			name = Release;
		};
/* End XCBuildConfiguration section */

/* Begin XCConfigurationList section */
		49F4082C206D959700DA88A7 /* Build configuration list for PBXProject "Practice" */ = {
			isa = XCConfigurationList;
			buildConfigurations = (
				49F40857206D959800DA88A7 /* Debug */,
				49F40858206D959800DA88A7 /* Release */,
			);
			defaultConfigurationIsVisible = 0;
			defaultConfigurationName = Release;
		};
		49F40859206D959800DA88A7 /* Build configuration list for PBXNativeTarget "Practice" */ = {
			isa = XCConfigurationList;
			buildConfigurations = (
				49F4085A206D959800DA88A7 /* Debug */,
				49F4085B206D959800DA88A7 /* Release */,
			);
			defaultConfigurationIsVisible = 0;
			defaultConfigurationName = Release;
		};
		49F4085C206D959800DA88A7 /* Build configuration list for PBXNativeTarget "PracticeTests" */ = {
			isa = XCConfigurationList;
			buildConfigurations = (
				49F4085D206D959800DA88A7 /* Debug */,
				49F4085E206D959800DA88A7 /* Release */,
			);
			defaultConfigurationIsVisible = 0;
			defaultConfigurationName = Release;
		};
		49F4085F206D959800DA88A7 /* Build configuration list for PBXNativeTarget "PracticeUITests" */ = {
			isa = XCConfigurationList;
			buildConfigurations = (
				49F40860206D959800DA88A7 /* Debug */,
				49F40861206D959800DA88A7 /* Release */,
			);
			defaultConfigurationIsVisible = 0;
			defaultConfigurationName = Release;
		};
/* End XCConfigurationList section */
	};
	rootObject = 49F40829206D959700DA88A7 /* Project object */;
}
